// !$*UTF8*$!
{
	archiveVersion = 1;
	classes = {
	};
	objectVersion = 46;
	objects = {

/* Begin PBXBuildFile section */
		CCB95A861F55F7EB007FECCC /* addGlobalStyle.js in Resources */ = {isa = PBXBuildFile; fileRef = CCB95A851F55F7EB007FECCC /* addGlobalStyle.js */; };
		CCB95A8C1F5614A9007FECCC /* ChoiseViewController.swift in Sources */ = {isa = PBXBuildFile; fileRef = CCB95A8B1F5614A9007FECCC /* ChoiseViewController.swift */; };
		CCBF18311F55CC5A00A12799 /* AppDelegate.swift in Sources */ = {isa = PBXBuildFile; fileRef = CCBF18301F55CC5900A12799 /* AppDelegate.swift */; };
		CCBF18331F55CC5A00A12799 /* ViewController.swift in Sources */ = {isa = PBXBuildFile; fileRef = CCBF18321F55CC5A00A12799 /* ViewController.swift */; };
		CCBF18361F55CC5A00A12799 /* Main.storyboard in Resources */ = {isa = PBXBuildFile; fileRef = CCBF18341F55CC5A00A12799 /* Main.storyboard */; };
		CCBF18381F55CC5A00A12799 /* Assets.xcassets in Resources */ = {isa = PBXBuildFile; fileRef = CCBF18371F55CC5A00A12799 /* Assets.xcassets */; };
		CCBF183B1F55CC5A00A12799 /* LaunchScreen.storyboard in Resources */ = {isa = PBXBuildFile; fileRef = CCBF18391F55CC5A00A12799 /* LaunchScreen.storyboard */; };
		CCE2BED51F64923800269C89 /* di.css in Resources */ = {isa = PBXBuildFile; fileRef = CCE2BED41F64923800269C89 /* di.css */; };
		CCE2BED81F64946600269C89 /* dn.css in Resources */ = {isa = PBXBuildFile; fileRef = CCE2BED71F64946600269C89 /* dn.css */; };
/* End PBXBuildFile section */

/* Begin PBXFileReference section */
		CCB95A851F55F7EB007FECCC /* addGlobalStyle.js */ = {isa = PBXFileReference; fileEncoding = 4; lastKnownFileType = sourcecode.javascript; name = addGlobalStyle.js; path = Javascript/addGlobalStyle.js; sourceTree = "<group>"; };
		CCB95A8B1F5614A9007FECCC /* ChoiseViewController.swift */ = {isa = PBXFileReference; fileEncoding = 4; lastKnownFileType = sourcecode.swift; path = ChoiseViewController.swift; sourceTree = "<group>"; };
		CCBF182D1F55CC5900A12799 /* No Paywall.app */ = {isa = PBXFileReference; explicitFileType = wrapper.application; includeInIndex = 0; path = "No Paywall.app"; sourceTree = BUILT_PRODUCTS_DIR; };
		CCBF18301F55CC5900A12799 /* AppDelegate.swift */ = {isa = PBXFileReference; lastKnownFileType = sourcecode.swift; path = AppDelegate.swift; sourceTree = "<group>"; };
		CCBF18321F55CC5A00A12799 /* ViewController.swift */ = {isa = PBXFileReference; lastKnownFileType = sourcecode.swift; path = ViewController.swift; sourceTree = "<group>"; };
		CCBF18351F55CC5A00A12799 /* Base */ = {isa = PBXFileReference; lastKnownFileType = file.storyboard; name = Base; path = Base.lproj/Main.storyboard; sourceTree = "<group>"; };
		CCBF18371F55CC5A00A12799 /* Assets.xcassets */ = {isa = PBXFileReference; lastKnownFileType = folder.assetcatalog; path = Assets.xcassets; sourceTree = "<group>"; };
		CCBF183A1F55CC5A00A12799 /* Base */ = {isa = PBXFileReference; lastKnownFileType = file.storyboard; name = Base; path = Base.lproj/LaunchScreen.storyboard; sourceTree = "<group>"; };
		CCBF183C1F55CC5A00A12799 /* Info.plist */ = {isa = PBXFileReference; lastKnownFileType = text.plist.xml; path = Info.plist; sourceTree = "<group>"; };
		CCE2BED41F64923800269C89 /* di.css */ = {isa = PBXFileReference; fileEncoding = 4; lastKnownFileType = text.css; name = di.css; path = CSS/di.css; sourceTree = "<group>"; };
		CCE2BED71F64946600269C89 /* dn.css */ = {isa = PBXFileReference; fileEncoding = 4; lastKnownFileType = text.css; name = dn.css; path = CSS/dn.css; sourceTree = "<group>"; };
/* End PBXFileReference section */

/* Begin PBXFrameworksBuildPhase section */
		CCBF182A1F55CC5900A12799 /* Frameworks */ = {
			isa = PBXFrameworksBuildPhase;
			buildActionMask = 2147483647;
			files = (
			);
			runOnlyForDeploymentPostprocessing = 0;
		};
/* End PBXFrameworksBuildPhase section */

/* Begin PBXGroup section */
		CCBBA1DF1F55E27A004C908A /* Javascript */ = {
			isa = PBXGroup;
			children = (
				CCB95A851F55F7EB007FECCC /* addGlobalStyle.js */,
			);
			name = Javascript;
			sourceTree = "<group>";
		};
		CCBF18241F55CC5900A12799 = {
			isa = PBXGroup;
			children = (
				CCBF182F1F55CC5900A12799 /* No Paywall */,
				CCBF182E1F55CC5900A12799 /* Products */,
			);
			sourceTree = "<group>";
		};
		CCBF182E1F55CC5900A12799 /* Products */ = {
			isa = PBXGroup;
			children = (
				CCBF182D1F55CC5900A12799 /* No Paywall.app */,
			);
			name = Products;
			sourceTree = "<group>";
		};
		CCBF182F1F55CC5900A12799 /* No Paywall */ = {
			isa = PBXGroup;
			children = (
				CCE2BED61F64924E00269C89 /* CSS */,
				CCBBA1DF1F55E27A004C908A /* Javascript */,
				CCBF18301F55CC5900A12799 /* AppDelegate.swift */,
				CCBF18321F55CC5A00A12799 /* ViewController.swift */,
				CCB95A8B1F5614A9007FECCC /* ChoiseViewController.swift */,
				CCBF18341F55CC5A00A12799 /* Main.storyboard */,
				CCBF18371F55CC5A00A12799 /* Assets.xcassets */,
				CCBF18391F55CC5A00A12799 /* LaunchScreen.storyboard */,
				CCBF183C1F55CC5A00A12799 /* Info.plist */,
			);
			path = "No Paywall";
			sourceTree = "<group>";
		};
		CCE2BED61F64924E00269C89 /* CSS */ = {
			isa = PBXGroup;
			children = (
				CCE2BED41F64923800269C89 /* di.css */,
				CCE2BED71F64946600269C89 /* dn.css */,
			);
			name = CSS;
			sourceTree = "<group>";
		};
/* End PBXGroup section */

/* Begin PBXNativeTarget section */
		CCBF182C1F55CC5900A12799 /* No Paywall */ = {
			isa = PBXNativeTarget;
			buildConfigurationList = CCBF183F1F55CC5A00A12799 /* Build configuration list for PBXNativeTarget "No Paywall" */;
			buildPhases = (
				CCBF18291F55CC5900A12799 /* Sources */,
				CCBF182A1F55CC5900A12799 /* Frameworks */,
				CCBF182B1F55CC5900A12799 /* Resources */,
			);
			buildRules = (
			);
			dependencies = (
			);
			name = "No Paywall";
			productName = "No Paywall";
			productReference = CCBF182D1F55CC5900A12799 /* No Paywall.app */;
			productType = "com.apple.product-type.application";
		};
/* End PBXNativeTarget section */

/* Begin PBXProject section */
		CCBF18251F55CC5900A12799 /* Project object */ = {
			isa = PBXProject;
			attributes = {
				LastSwiftUpdateCheck = 0830;
				LastUpgradeCheck = 0900;
				ORGANIZATIONNAME = "Gustav Öst";
				TargetAttributes = {
					CCBF182C1F55CC5900A12799 = {
						CreatedOnToolsVersion = 8.3.1;
						DevelopmentTeam = WJAZSHDD28;
						ProvisioningStyle = Automatic;
					};
				};
			};
			buildConfigurationList = CCBF18281F55CC5900A12799 /* Build configuration list for PBXProject "No Paywall" */;
			compatibilityVersion = "Xcode 3.2";
			developmentRegion = English;
			hasScannedForEncodings = 0;
			knownRegions = (
				en,
				Base,
			);
			mainGroup = CCBF18241F55CC5900A12799;
			productRefGroup = CCBF182E1F55CC5900A12799 /* Products */;
			projectDirPath = "";
			projectRoot = "";
			targets = (
				CCBF182C1F55CC5900A12799 /* No Paywall */,
			);
		};
/* End PBXProject section */

/* Begin PBXResourcesBuildPhase section */
		CCBF182B1F55CC5900A12799 /* Resources */ = {
			isa = PBXResourcesBuildPhase;
			buildActionMask = 2147483647;
			files = (
				CCBF183B1F55CC5A00A12799 /* LaunchScreen.storyboard in Resources */,
				CCE2BED51F64923800269C89 /* di.css in Resources */,
				CCB95A861F55F7EB007FECCC /* addGlobalStyle.js in Resources */,
				CCBF18381F55CC5A00A12799 /* Assets.xcassets in Resources */,
				CCBF18361F55CC5A00A12799 /* Main.storyboard in Resources */,
				CCE2BED81F64946600269C89 /* dn.css in Resources */,
			);
			runOnlyForDeploymentPostprocessing = 0;
		};
/* End PBXResourcesBuildPhase section */

/* Begin PBXSourcesBuildPhase section */
		CCBF18291F55CC5900A12799 /* Sources */ = {
			isa = PBXSourcesBuildPhase;
			buildActionMask = 2147483647;
			files = (
				CCB95A8C1F5614A9007FECCC /* ChoiseViewController.swift in Sources */,
				CCBF18331F55CC5A00A12799 /* ViewController.swift in Sources */,
				CCBF18311F55CC5A00A12799 /* AppDelegate.swift in Sources */,
			);
			runOnlyForDeploymentPostprocessing = 0;
		};
/* End PBXSourcesBuildPhase section */

/* Begin PBXVariantGroup section */
		CCBF18341F55CC5A00A12799 /* Main.storyboard */ = {
			isa = PBXVariantGroup;
			children = (
				CCBF18351F55CC5A00A12799 /* Base */,
			);
			name = Main.storyboard;
			sourceTree = "<group>";
		};
		CCBF18391F55CC5A00A12799 /* LaunchScreen.storyboard */ = {
			isa = PBXVariantGroup;
			children = (
				CCBF183A1F55CC5A00A12799 /* Base */,
			);
			name = LaunchScreen.storyboard;
			sourceTree = "<group>";
		};
/* End PBXVariantGroup section */

/* Begin XCBuildConfiguration section */
		CCBF183D1F55CC5A00A12799 /* Debug */ = {
			isa = XCBuildConfiguration;
			buildSettings = {
				ALWAYS_SEARCH_USER_PATHS = NO;
				CLANG_ANALYZER_NONNULL = YES;
				CLANG_ANALYZER_NUMBER_OBJECT_CONVERSION = YES_AGGRESSIVE;
				CLANG_CXX_LANGUAGE_STANDARD = "gnu++0x";
				CLANG_CXX_LIBRARY = "libc++";
				CLANG_ENABLE_MODULES = YES;
				CLANG_ENABLE_OBJC_ARC = YES;
				CLANG_WARN_BLOCK_CAPTURE_AUTORELEASING = YES;
				CLANG_WARN_BOOL_CONVERSION = YES;
				CLANG_WARN_COMMA = YES;
				CLANG_WARN_CONSTANT_CONVERSION = YES;
				CLANG_WARN_DIRECT_OBJC_ISA_USAGE = YES_ERROR;
				CLANG_WARN_DOCUMENTATION_COMMENTS = YES;
				CLANG_WARN_EMPTY_BODY = YES;
				CLANG_WARN_ENUM_CONVERSION = YES;
				CLANG_WARN_INFINITE_RECURSION = YES;
				CLANG_WARN_INT_CONVERSION = YES;
				CLANG_WARN_NON_LITERAL_NULL_CONVERSION = YES;
				CLANG_WARN_OBJC_LITERAL_CONVERSION = YES;
				CLANG_WARN_OBJC_ROOT_CLASS = YES_ERROR;
				CLANG_WARN_RANGE_LOOP_ANALYSIS = YES;
				CLANG_WARN_STRICT_PROTOTYPES = YES;
				CLANG_WARN_SUSPICIOUS_MOVE = YES;
				CLANG_WARN_UNREACHABLE_CODE = YES;
				CLANG_WARN__DUPLICATE_METHOD_MATCH = YES;
				"CODE_SIGN_IDENTITY[sdk=iphoneos*]" = "iPhone Developer";
				COPY_PHASE_STRIP = NO;
				DEBUG_INFORMATION_FORMAT = dwarf;
				ENABLE_STRICT_OBJC_MSGSEND = YES;
				ENABLE_TESTABILITY = YES;
				GCC_C_LANGUAGE_STANDARD = gnu99;
				GCC_DYNAMIC_NO_PIC = NO;
				GCC_NO_COMMON_BLOCKS = YES;
				GCC_OPTIMIZATION_LEVEL = 0;
				GCC_PREPROCESSOR_DEFINITIONS = (
					"DEBUG=1",
					"$(inherited)",
				);
				GCC_WARN_64_TO_32_BIT_CONVERSION = YES;
				GCC_WARN_ABOUT_RETURN_TYPE = YES_ERROR;
				GCC_WARN_UNDECLARED_SELECTOR = YES;
				GCC_WARN_UNINITIALIZED_AUTOS = YES_AGGRESSIVE;
				GCC_WARN_UNUSED_FUNCTION = YES;
				GCC_WARN_UNUSED_VARIABLE = YES;
				IPHONEOS_DEPLOYMENT_TARGET = 10.3;
				MTL_ENABLE_DEBUG_INFO = YES;
				ONLY_ACTIVE_ARCH = YES;
				SDKROOT = iphoneos;
				SWIFT_ACTIVE_COMPILATION_CONDITIONS = DEBUG;
				SWIFT_OPTIMIZATION_LEVEL = "-Onone";
				TARGETED_DEVICE_FAMILY = "1,2";
			};
			name = Debug;
		};
		CCBF183E1F55CC5A00A12799 /* Release */ = {
			isa = XCBuildConfiguration;
			buildSettings = {
				ALWAYS_SEARCH_USER_PATHS = NO;
				CLANG_ANALYZER_NONNULL = YES;
				CLANG_ANALYZER_NUMBER_OBJECT_CONVERSION = YES_AGGRESSIVE;
				CLANG_CXX_LANGUAGE_STANDARD = "gnu++0x";
				CLANG_CXX_LIBRARY = "libc++";
				CLANG_ENABLE_MODULES = YES;
				CLANG_ENABLE_OBJC_ARC = YES;
				CLANG_WARN_BLOCK_CAPTURE_AUTORELEASING = YES;
				CLANG_WARN_BOOL_CONVERSION = YES;
				CLANG_WARN_COMMA = YES;
				CLANG_WARN_CONSTANT_CONVERSION = YES;
				CLANG_WARN_DIRECT_OBJC_ISA_USAGE = YES_ERROR;
				CLANG_WARN_DOCUMENTATION_COMMENTS = YES;
				CLANG_WARN_EMPTY_BODY = YES;
				CLANG_WARN_ENUM_CONVERSION = YES;
				CLANG_WARN_INFINITE_RECURSION = YES;
				CLANG_WARN_INT_CONVERSION = YES;
				CLANG_WARN_NON_LITERAL_NULL_CONVERSION = YES;
				CLANG_WARN_OBJC_LITERAL_CONVERSION = YES;
				CLANG_WARN_OBJC_ROOT_CLASS = YES_ERROR;
				CLANG_WARN_RANGE_LOOP_ANALYSIS = YES;
				CLANG_WARN_STRICT_PROTOTYPES = YES;
				CLANG_WARN_SUSPICIOUS_MOVE = YES;
				CLANG_WARN_UNREACHABLE_CODE = YES;
				CLANG_WARN__DUPLICATE_METHOD_MATCH = YES;
				"CODE_SIGN_IDENTITY[sdk=iphoneos*]" = "iPhone Developer";
				COPY_PHASE_STRIP = NO;
				DEBUG_INFORMATION_FORMAT = "dwarf-with-dsym";
				ENABLE_NS_ASSERTIONS = NO;
				ENABLE_STRICT_OBJC_MSGSEND = YES;
				GCC_C_LANGUAGE_STANDARD = gnu99;
				GCC_NO_COMMON_BLOCKS = YES;
				GCC_WARN_64_TO_32_BIT_CONVERSION = YES;
				GCC_WARN_ABOUT_RETURN_TYPE = YES_ERROR;
				GCC_WARN_UNDECLARED_SELECTOR = YES;
				GCC_WARN_UNINITIALIZED_AUTOS = YES_AGGRESSIVE;
				GCC_WARN_UNUSED_FUNCTION = YES;
				GCC_WARN_UNUSED_VARIABLE = YES;
				IPHONEOS_DEPLOYMENT_TARGET = 10.3;
				MTL_ENABLE_DEBUG_INFO = NO;
				SDKROOT = iphoneos;
				SWIFT_OPTIMIZATION_LEVEL = "-Owholemodule";
				TARGETED_DEVICE_FAMILY = "1,2";
				VALIDATE_PRODUCT = YES;
			};
			name = Release;
		};
		CCBF18401F55CC5A00A12799 /* Debug */ = {
			isa = XCBuildConfiguration;
			buildSettings = {
				ASSETCATALOG_COMPILER_APPICON_NAME = AppIcon;
				DEVELOPMENT_TEAM = WJAZSHDD28;
				INFOPLIST_FILE = "No Paywall/Info.plist";
				LD_RUNPATH_SEARCH_PATHS = "$(inherited) @executable_path/Frameworks";
				PRODUCT_BUNDLE_IDENTIFIER = com.gh0st.no.paywall;
				PRODUCT_NAME = "$(TARGET_NAME)";
				SWIFT_VERSION = 3.0;
			};
			name = Debug;
		};
		CCBF18411F55CC5A00A12799 /* Release */ = {
			isa = XCBuildConfiguration;
			buildSettings = {
				ASSETCATALOG_COMPILER_APPICON_NAME = AppIcon;
				DEVELOPMENT_TEAM = WJAZSHDD28;
				INFOPLIST_FILE = "No Paywall/Info.plist";
				LD_RUNPATH_SEARCH_PATHS = "$(inherited) @executable_path/Frameworks";
				PRODUCT_BUNDLE_IDENTIFIER = com.gh0st.no.paywall;
				PRODUCT_NAME = "$(TARGET_NAME)";
				SWIFT_VERSION = 3.0;
			};
			name = Release;
		};
/* End XCBuildConfiguration section */

/* Begin XCConfigurationList section */
		CCBF18281F55CC5900A12799 /* Build configuration list for PBXProject "No Paywall" */ = {
			isa = XCConfigurationList;
			buildConfigurations = (
				CCBF183D1F55CC5A00A12799 /* Debug */,
				CCBF183E1F55CC5A00A12799 /* Release */,
			);
			defaultConfigurationIsVisible = 0;
			defaultConfigurationName = Release;
		};
		CCBF183F1F55CC5A00A12799 /* Build configuration list for PBXNativeTarget "No Paywall" */ = {
			isa = XCConfigurationList;
			buildConfigurations = (
				CCBF18401F55CC5A00A12799 /* Debug */,
				CCBF18411F55CC5A00A12799 /* Release */,
			);
			defaultConfigurationIsVisible = 0;
			defaultConfigurationName = Release;
		};
/* End XCConfigurationList section */
	};
	rootObject = CCBF18251F55CC5900A12799 /* Project object */;
}
